
Microsoft Visual Studio Solution File, Format Version 12.00
# Visual Studio Version 16
VisualStudioVersion = 16.0.30907.101
MinimumVisualStudioVersion = 10.0.40219.1
Project("{FAE04EC0-301F-11D3-BF4B-00C04F79EFBC}") = "Rconsay", "Rconsay.csproj", "{88CC5D00-8BB9-40EB-97BA-185FC89D91CC}"
EndProject
Global
	GlobalSection(SolutionConfigurationPlatforms) = preSolution
		Debug|Any CPU = Debug|Any CPU
		Release|Any CPU = Release|Any CPU
	EndGlobalSection
	GlobalSection(ProjectConfigurationPlatforms) = postSolution
		{88CC5D00-8BB9-40EB-97BA-185FC89D91CC}.Debug|Any CPU.ActiveCfg = Debug|Any CPU
		{88CC5D00-8BB9-40EB-97BA-185FC89D91CC}.Debug|Any CPU.Build.0 = Debug|Any CPU
		{88CC5D00-8BB9-40EB-97BA-185FC89D91CC}.Release|Any CPU.ActiveCfg = Release|Any CPU
		{88CC5D00-8BB9-40EB-97BA-185FC89D91CC}.Release|Any CPU.Build.0 = Release|Any CPU
	EndGlobalSection
	GlobalSection(SolutionProperties) = preSolution
		HideSolutionNode = FALSE
	EndGlobalSection
	GlobalSection(ExtensibilityGlobals) = postSolution
		SolutionGuid = {DCA47C4A-BEC6-489D-80E8-B591479AF1C7}
	EndGlobalSection
EndGlobal
